
Microsoft Visual Studio Solution File, Format Version 12.00
# Visual Studio 15
VisualStudioVersion = 15.0.28307.572
MinimumVisualStudioVersion = 10.0.40219.1
Project("{FAE04EC0-301F-11D3-BF4B-00C04F79EFBC}") = "PrimeNumbers", "PrimeNumbers\PrimeNumbers.csproj", "{FEAE8A7A-A859-49A4-A0C1-88A14B661828}"
EndProject
Project("{FAE04EC0-301F-11D3-BF4B-00C04F79EFBC}") = "PrimeTest", "PrimeTest\PrimeTest.csproj", "{51B1428A-2C4F-488A-9D50-1A39129AE070}"
EndProject
Global
	GlobalSection(SolutionConfigurationPlatforms) = preSolution
		Debug|Any CPU = Debug|Any CPU
		Release|Any CPU = Release|Any CPU
	EndGlobalSection
	GlobalSection(ProjectConfigurationPlatforms) = postSolution
		{FEAE8A7A-A859-49A4-A0C1-88A14B661828}.Debug|Any CPU.ActiveCfg = Debug|Any CPU
		{FEAE8A7A-A859-49A4-A0C1-88A14B661828}.Debug|Any CPU.Build.0 = Debug|Any CPU
		{FEAE8A7A-A859-49A4-A0C1-88A14B661828}.Release|Any CPU.ActiveCfg = Release|Any CPU
		{FEAE8A7A-A859-49A4-A0C1-88A14B661828}.Release|Any CPU.Build.0 = Release|Any CPU
		{51B1428A-2C4F-488A-9D50-1A39129AE070}.Debug|Any CPU.ActiveCfg = Debug|Any CPU
		{51B1428A-2C4F-488A-9D50-1A39129AE070}.Debug|Any CPU.Build.0 = Debug|Any CPU
		{51B1428A-2C4F-488A-9D50-1A39129AE070}.Release|Any CPU.ActiveCfg = Release|Any CPU
		{51B1428A-2C4F-488A-9D50-1A39129AE070}.Release|Any CPU.Build.0 = Release|Any CPU
	EndGlobalSection
	GlobalSection(SolutionProperties) = preSolution
		HideSolutionNode = FALSE
	EndGlobalSection
	GlobalSection(ExtensibilityGlobals) = postSolution
		SolutionGuid = {3AB7DD08-0530-425A-BDC5-FCE3FC7BC5A2}
	EndGlobalSection
EndGlobal
